
Microsoft Visual Studio Solution File, Format Version 12.00
# Visual Studio Version 17
VisualStudioVersion = 17.10.35004.147
MinimumVisualStudioVersion = 10.0.40219.1
Project("{FAE04EC0-301F-11D3-BF4B-00C04F79EFBC}") = "MacFood", "MacFood\MacFood.csproj", "{3AC25BBF-2583-4DD0-871C-2F51F189AC92}"
EndProject
Global
	GlobalSection(SolutionConfigurationPlatforms) = preSolution
		Debug|Any CPU = Debug|Any CPU
		Release|Any CPU = Release|Any CPU
	EndGlobalSection
	GlobalSection(ProjectConfigurationPlatforms) = postSolution
		{3AC25BBF-2583-4DD0-871C-2F51F189AC92}.Debug|Any CPU.ActiveCfg = Debug|Any CPU
		{3AC25BBF-2583-4DD0-871C-2F51F189AC92}.Debug|Any CPU.Build.0 = Debug|Any CPU
		{3AC25BBF-2583-4DD0-871C-2F51F189AC92}.Release|Any CPU.ActiveCfg = Release|Any CPU
		{3AC25BBF-2583-4DD0-871C-2F51F189AC92}.Release|Any CPU.Build.0 = Release|Any CPU
	EndGlobalSection
	GlobalSection(SolutionProperties) = preSolution
		HideSolutionNode = FALSE
	EndGlobalSection
	GlobalSection(ExtensibilityGlobals) = postSolution
		SolutionGuid = {62279A2C-8FA7-467C-A48A-197A72EDED03}
	EndGlobalSection
EndGlobal
